{
  "name": "my-new-shared-module",
  "version": "1.0.0",
  "lockfileVersion": 3,
  "requires": true,
  "packages": {
    "": {
      "name": "my-new-shared-module",
      "version": "1.0.0",
      "license": "ISC",
      "dependencies": {
        "my-new-shared-module": "file:"
      }
    },
    "node_modules/my-new-shared-module": {
      "resolved": "",
      "link": true
    }
  }
}
