{
  "name": "app-two",
  "version": "0.1.0",
  "lockfileVersion": 3,
  "requires": true,
  "packages": {
    "": {
      "name": "app-two",
      "version": "0.1.0",
      "dependencies": {
        "app-two": "file:"
      }
    },
    "node_modules/app-two": {
      "resolved": "",
      "link": true
    }
  }
}
